
Microsoft Visual Studio Solution File, Format Version 12.00
# Visual Studio Version 17
VisualStudioVersion = 17.9.34622.214
MinimumVisualStudioVersion = 10.0.40219.1
Project("{FAE04EC0-301F-11D3-BF4B-00C04F79EFBC}") = "BookStore", "WebApplication1\BookStore.csproj", "{B80DA892-66A9-40D7-84AF-9194868FDB91}"
EndProject
Project("{2150E333-8FDC-42A3-9474-1A3956D46DE8}") = "Infrastructure", "Infrastructure", "{71C52E6A-F830-4474-BDED-25737A59C625}"
EndProject
Project("{FAE04EC0-301F-11D3-BF4B-00C04F79EFBC}") = "Infrastructure", "Infrastructure\Infrastructure.csproj", "{283DD147-F8AD-4306-87A1-B7418ED137FF}"
EndProject
Project("{2150E333-8FDC-42A3-9474-1A3956D46DE8}") = "Domain", "Domain", "{ABFD8767-AFA4-4CC6-8DF2-E90C373ECE3B}"
EndProject
Project("{FAE04EC0-301F-11D3-BF4B-00C04F79EFBC}") = "Domain", "Domain\Domain.csproj", "{A635941F-A608-4E96-BE20-9C72D4E86D7E}"
EndProject
Project("{2150E333-8FDC-42A3-9474-1A3956D46DE8}") = "Application", "Application", "{BD6147DF-3082-45D8-A265-18F169B003EB}"
EndProject
Project("{FAE04EC0-301F-11D3-BF4B-00C04F79EFBC}") = "Application", "Application\Application.csproj", "{3843FDA2-BE24-4C57-A0F6-7BE5F1735381}"
EndProject
Project("{2150E333-8FDC-42A3-9474-1A3956D46DE8}") = "Presentation", "Presentation", "{54CA4DDC-C0C3-40E9-849A-FF2145A78BD3}"
EndProject
Project("{2150E333-8FDC-42A3-9474-1A3956D46DE8}") = "Core", "Core", "{0BC3B6B7-657A-407F-BDB1-FF431B0EC51E}"
EndProject
Project("{2150E333-8FDC-42A3-9474-1A3956D46DE8}") = "Src", "Src", "{4E5B4D9A-DA8B-46DB-ABA1-8E2787CE987C}"
EndProject
Global
	GlobalSection(SolutionConfigurationPlatforms) = preSolution
		Debug|Any CPU = Debug|Any CPU
		Release|Any CPU = Release|Any CPU
	EndGlobalSection
	GlobalSection(ProjectConfigurationPlatforms) = postSolution
		{B80DA892-66A9-40D7-84AF-9194868FDB91}.Debug|Any CPU.ActiveCfg = Debug|Any CPU
		{B80DA892-66A9-40D7-84AF-9194868FDB91}.Debug|Any CPU.Build.0 = Debug|Any CPU
		{B80DA892-66A9-40D7-84AF-9194868FDB91}.Release|Any CPU.ActiveCfg = Release|Any CPU
		{B80DA892-66A9-40D7-84AF-9194868FDB91}.Release|Any CPU.Build.0 = Release|Any CPU
		{283DD147-F8AD-4306-87A1-B7418ED137FF}.Debug|Any CPU.ActiveCfg = Debug|Any CPU
		{283DD147-F8AD-4306-87A1-B7418ED137FF}.Debug|Any CPU.Build.0 = Debug|Any CPU
		{283DD147-F8AD-4306-87A1-B7418ED137FF}.Release|Any CPU.ActiveCfg = Release|Any CPU
		{283DD147-F8AD-4306-87A1-B7418ED137FF}.Release|Any CPU.Build.0 = Release|Any CPU
		{A635941F-A608-4E96-BE20-9C72D4E86D7E}.Debug|Any CPU.ActiveCfg = Debug|Any CPU
		{A635941F-A608-4E96-BE20-9C72D4E86D7E}.Debug|Any CPU.Build.0 = Debug|Any CPU
		{A635941F-A608-4E96-BE20-9C72D4E86D7E}.Release|Any CPU.ActiveCfg = Release|Any CPU
		{A635941F-A608-4E96-BE20-9C72D4E86D7E}.Release|Any CPU.Build.0 = Release|Any CPU
		{3843FDA2-BE24-4C57-A0F6-7BE5F1735381}.Debug|Any CPU.ActiveCfg = Debug|Any CPU
		{3843FDA2-BE24-4C57-A0F6-7BE5F1735381}.Debug|Any CPU.Build.0 = Debug|Any CPU
		{3843FDA2-BE24-4C57-A0F6-7BE5F1735381}.Release|Any CPU.ActiveCfg = Release|Any CPU
		{3843FDA2-BE24-4C57-A0F6-7BE5F1735381}.Release|Any CPU.Build.0 = Release|Any CPU
	EndGlobalSection
	GlobalSection(SolutionProperties) = preSolution
		HideSolutionNode = FALSE
	EndGlobalSection
	GlobalSection(NestedProjects) = preSolution
		{B80DA892-66A9-40D7-84AF-9194868FDB91} = {54CA4DDC-C0C3-40E9-849A-FF2145A78BD3}
		{71C52E6A-F830-4474-BDED-25737A59C625} = {0BC3B6B7-657A-407F-BDB1-FF431B0EC51E}
		{283DD147-F8AD-4306-87A1-B7418ED137FF} = {71C52E6A-F830-4474-BDED-25737A59C625}
		{ABFD8767-AFA4-4CC6-8DF2-E90C373ECE3B} = {0BC3B6B7-657A-407F-BDB1-FF431B0EC51E}
		{A635941F-A608-4E96-BE20-9C72D4E86D7E} = {ABFD8767-AFA4-4CC6-8DF2-E90C373ECE3B}
		{BD6147DF-3082-45D8-A265-18F169B003EB} = {4E5B4D9A-DA8B-46DB-ABA1-8E2787CE987C}
		{3843FDA2-BE24-4C57-A0F6-7BE5F1735381} = {BD6147DF-3082-45D8-A265-18F169B003EB}
		{54CA4DDC-C0C3-40E9-849A-FF2145A78BD3} = {4E5B4D9A-DA8B-46DB-ABA1-8E2787CE987C}
	EndGlobalSection
	GlobalSection(ExtensibilityGlobals) = postSolution
		SolutionGuid = {C53D4361-5FFF-4C26-B698-06683A237E25}
	EndGlobalSection
EndGlobal
